
Microsoft Visual Studio Solution File, Format Version 12.00
# Visual Studio Version 16
VisualStudioVersion = 16.0.32228.343
MinimumVisualStudioVersion = 10.0.40219.1
Project("{FAE04EC0-301F-11D3-BF4B-00C04F79EFBC}") = "MovieWebAppDB", "MovieWebAppDB\MovieWebAppDB.csproj", "{AC0D64F3-25EE-4D85-8146-50AF11D25281}"
EndProject
Global
	GlobalSection(SolutionConfigurationPlatforms) = preSolution
		Debug|Any CPU = Debug|Any CPU
		Release|Any CPU = Release|Any CPU
	EndGlobalSection
	GlobalSection(ProjectConfigurationPlatforms) = postSolution
		{AC0D64F3-25EE-4D85-8146-50AF11D25281}.Debug|Any CPU.ActiveCfg = Debug|Any CPU
		{AC0D64F3-25EE-4D85-8146-50AF11D25281}.Debug|Any CPU.Build.0 = Debug|Any CPU
		{AC0D64F3-25EE-4D85-8146-50AF11D25281}.Release|Any CPU.ActiveCfg = Release|Any CPU
		{AC0D64F3-25EE-4D85-8146-50AF11D25281}.Release|Any CPU.Build.0 = Release|Any CPU
	EndGlobalSection
	GlobalSection(SolutionProperties) = preSolution
		HideSolutionNode = FALSE
	EndGlobalSection
	GlobalSection(ExtensibilityGlobals) = postSolution
		SolutionGuid = {BBE1F26D-39CF-4EC0-955D-21B1F418429B}
	EndGlobalSection
EndGlobal
